
Microsoft Visual Studio Solution File, Format Version 12.00
# Visual Studio Version 17
VisualStudioVersion = 17.14.37411.7 d17.14
MinimumVisualStudioVersion = 10.0.40219.1
Project("{FAE04EC0-301F-11D3-BF4B-00C04F79EFBC}") = "StudentMenu", "StudentMenu.csproj", "{F4FEBC24-5881-4629-BE51-600007CD2436}"
EndProject
Global
	GlobalSection(SolutionConfigurationPlatforms) = preSolution
		Debug|Any CPU = Debug|Any CPU
		Release|Any CPU = Release|Any CPU
	EndGlobalSection
	GlobalSection(ProjectConfigurationPlatforms) = postSolution
		{F4FEBC24-5881-4629-BE51-600007CD2436}.Debug|Any CPU.ActiveCfg = Debug|Any CPU
		{F4FEBC24-5881-4629-BE51-600007CD2436}.Debug|Any CPU.Build.0 = Debug|Any CPU
		{F4FEBC24-5881-4629-BE51-600007CD2436}.Release|Any CPU.ActiveCfg = Release|Any CPU
		{F4FEBC24-5881-4629-BE51-600007CD2436}.Release|Any CPU.Build.0 = Release|Any CPU
	EndGlobalSection
	GlobalSection(SolutionProperties) = preSolution
		HideSolutionNode = FALSE
	EndGlobalSection
	GlobalSection(ExtensibilityGlobals) = postSolution
		SolutionGuid = {51E3E4AE-F15B-4A45-93FF-B723C4CECB95}
	EndGlobalSection
EndGlobal
