
Microsoft Visual Studio Solution File, Format Version 12.00
# Visual Studio Version 17
VisualStudioVersion = 17.14.37411.7 d17.14
MinimumVisualStudioVersion = 10.0.40219.1
Project("{FAE04EC0-301F-11D3-BF4B-00C04F79EFBC}") = "Program6_exceptionHandling", "Program6_exceptionHandling.csproj", "{B6F93779-8852-4CA7-A546-42B1BC9E2910}"
EndProject
Global
	GlobalSection(SolutionConfigurationPlatforms) = preSolution
		Debug|Any CPU = Debug|Any CPU
		Release|Any CPU = Release|Any CPU
	EndGlobalSection
	GlobalSection(ProjectConfigurationPlatforms) = postSolution
		{B6F93779-8852-4CA7-A546-42B1BC9E2910}.Debug|Any CPU.ActiveCfg = Debug|Any CPU
		{B6F93779-8852-4CA7-A546-42B1BC9E2910}.Debug|Any CPU.Build.0 = Debug|Any CPU
		{B6F93779-8852-4CA7-A546-42B1BC9E2910}.Release|Any CPU.ActiveCfg = Release|Any CPU
		{B6F93779-8852-4CA7-A546-42B1BC9E2910}.Release|Any CPU.Build.0 = Release|Any CPU
	EndGlobalSection
	GlobalSection(SolutionProperties) = preSolution
		HideSolutionNode = FALSE
	EndGlobalSection
	GlobalSection(ExtensibilityGlobals) = postSolution
		SolutionGuid = {3954E704-F818-4D1E-A990-4DEBCC7C40D4}
	EndGlobalSection
EndGlobal
