
Microsoft Visual Studio Solution File, Format Version 12.00
# Visual Studio Version 17
VisualStudioVersion = 17.14.37411.7 d17.14
MinimumVisualStudioVersion = 10.0.40219.1
Project("{FAE04EC0-301F-11D3-BF4B-00C04F79EFBC}") = "Program2_SearchEmployee", "Program2_SearchEmployee.csproj", "{F672CB5B-EA1B-4EB8-A79A-4ABFD539D7EE}"
EndProject
Global
	GlobalSection(SolutionConfigurationPlatforms) = preSolution
		Debug|Any CPU = Debug|Any CPU
		Release|Any CPU = Release|Any CPU
	EndGlobalSection
	GlobalSection(ProjectConfigurationPlatforms) = postSolution
		{F672CB5B-EA1B-4EB8-A79A-4ABFD539D7EE}.Debug|Any CPU.ActiveCfg = Debug|Any CPU
		{F672CB5B-EA1B-4EB8-A79A-4ABFD539D7EE}.Debug|Any CPU.Build.0 = Debug|Any CPU
		{F672CB5B-EA1B-4EB8-A79A-4ABFD539D7EE}.Release|Any CPU.ActiveCfg = Release|Any CPU
		{F672CB5B-EA1B-4EB8-A79A-4ABFD539D7EE}.Release|Any CPU.Build.0 = Release|Any CPU
	EndGlobalSection
	GlobalSection(SolutionProperties) = preSolution
		HideSolutionNode = FALSE
	EndGlobalSection
	GlobalSection(ExtensibilityGlobals) = postSolution
		SolutionGuid = {3113FD1C-A50E-431D-B3B8-21F586281CCA}
	EndGlobalSection
EndGlobal
