
Microsoft Visual Studio Solution File, Format Version 12.00
# Visual Studio Version 17
VisualStudioVersion = 17.14.37411.7 d17.14
MinimumVisualStudioVersion = 10.0.40219.1
Project("{FAE04EC0-301F-11D3-BF4B-00C04F79EFBC}") = "PracticeDemoList", "PracticeDemoList.csproj", "{BB61A78C-690D-4D7D-A05E-E75BF493D60B}"
EndProject
Global
	GlobalSection(SolutionConfigurationPlatforms) = preSolution
		Debug|Any CPU = Debug|Any CPU
		Release|Any CPU = Release|Any CPU
	EndGlobalSection
	GlobalSection(ProjectConfigurationPlatforms) = postSolution
		{BB61A78C-690D-4D7D-A05E-E75BF493D60B}.Debug|Any CPU.ActiveCfg = Debug|Any CPU
		{BB61A78C-690D-4D7D-A05E-E75BF493D60B}.Debug|Any CPU.Build.0 = Debug|Any CPU
		{BB61A78C-690D-4D7D-A05E-E75BF493D60B}.Release|Any CPU.ActiveCfg = Release|Any CPU
		{BB61A78C-690D-4D7D-A05E-E75BF493D60B}.Release|Any CPU.Build.0 = Release|Any CPU
	EndGlobalSection
	GlobalSection(SolutionProperties) = preSolution
		HideSolutionNode = FALSE
	EndGlobalSection
	GlobalSection(ExtensibilityGlobals) = postSolution
		SolutionGuid = {ACD5C4D7-B5FB-43CC-8086-DD7176792D27}
	EndGlobalSection
EndGlobal
