
Microsoft Visual Studio Solution File, Format Version 12.00
# Visual Studio Version 17
VisualStudioVersion = 17.14.37411.7 d17.14
MinimumVisualStudioVersion = 10.0.40219.1
Project("{FAE04EC0-301F-11D3-BF4B-00C04F79EFBC}") = "MethodOverloading", "MethodOverloading.csproj", "{B61598F4-5D2C-4232-824A-546FAED4D17B}"
EndProject
Global
	GlobalSection(SolutionConfigurationPlatforms) = preSolution
		Debug|Any CPU = Debug|Any CPU
		Release|Any CPU = Release|Any CPU
	EndGlobalSection
	GlobalSection(ProjectConfigurationPlatforms) = postSolution
		{B61598F4-5D2C-4232-824A-546FAED4D17B}.Debug|Any CPU.ActiveCfg = Debug|Any CPU
		{B61598F4-5D2C-4232-824A-546FAED4D17B}.Debug|Any CPU.Build.0 = Debug|Any CPU
		{B61598F4-5D2C-4232-824A-546FAED4D17B}.Release|Any CPU.ActiveCfg = Release|Any CPU
		{B61598F4-5D2C-4232-824A-546FAED4D17B}.Release|Any CPU.Build.0 = Release|Any CPU
	EndGlobalSection
	GlobalSection(SolutionProperties) = preSolution
		HideSolutionNode = FALSE
	EndGlobalSection
	GlobalSection(ExtensibilityGlobals) = postSolution
		SolutionGuid = {917F8FD1-3A4B-41AA-8349-E4C14C37F742}
	EndGlobalSection
EndGlobal
