
Microsoft Visual Studio Solution File, Format Version 12.00
# Visual Studio Version 17
VisualStudioVersion = 17.14.37411.7 d17.14
MinimumVisualStudioVersion = 10.0.40219.1
Project("{FAE04EC0-301F-11D3-BF4B-00C04F79EFBC}") = "QueueDemo", "QueueDemo.csproj", "{70B67F1B-B997-4B9B-8CE3-DAEF0DCB7E4C}"
EndProject
Global
	GlobalSection(SolutionConfigurationPlatforms) = preSolution
		Debug|Any CPU = Debug|Any CPU
		Release|Any CPU = Release|Any CPU
	EndGlobalSection
	GlobalSection(ProjectConfigurationPlatforms) = postSolution
		{70B67F1B-B997-4B9B-8CE3-DAEF0DCB7E4C}.Debug|Any CPU.ActiveCfg = Debug|Any CPU
		{70B67F1B-B997-4B9B-8CE3-DAEF0DCB7E4C}.Debug|Any CPU.Build.0 = Debug|Any CPU
		{70B67F1B-B997-4B9B-8CE3-DAEF0DCB7E4C}.Release|Any CPU.ActiveCfg = Release|Any CPU
		{70B67F1B-B997-4B9B-8CE3-DAEF0DCB7E4C}.Release|Any CPU.Build.0 = Release|Any CPU
	EndGlobalSection
	GlobalSection(SolutionProperties) = preSolution
		HideSolutionNode = FALSE
	EndGlobalSection
	GlobalSection(ExtensibilityGlobals) = postSolution
		SolutionGuid = {80707351-CA36-43A4-8581-E9B62C7301F0}
	EndGlobalSection
EndGlobal
