
Microsoft Visual Studio Solution File, Format Version 12.00
# Visual Studio Version 17
VisualStudioVersion = 17.14.37411.7 d17.14
MinimumVisualStudioVersion = 10.0.40219.1
Project("{FAE04EC0-301F-11D3-BF4B-00C04F79EFBC}") = "Program5_Pattern", "Program5_Pattern.csproj", "{EDC244AD-1F2C-4A0B-A99C-8639CBFA92C1}"
EndProject
Global
	GlobalSection(SolutionConfigurationPlatforms) = preSolution
		Debug|Any CPU = Debug|Any CPU
		Release|Any CPU = Release|Any CPU
	EndGlobalSection
	GlobalSection(ProjectConfigurationPlatforms) = postSolution
		{EDC244AD-1F2C-4A0B-A99C-8639CBFA92C1}.Debug|Any CPU.ActiveCfg = Debug|Any CPU
		{EDC244AD-1F2C-4A0B-A99C-8639CBFA92C1}.Debug|Any CPU.Build.0 = Debug|Any CPU
		{EDC244AD-1F2C-4A0B-A99C-8639CBFA92C1}.Release|Any CPU.ActiveCfg = Release|Any CPU
		{EDC244AD-1F2C-4A0B-A99C-8639CBFA92C1}.Release|Any CPU.Build.0 = Release|Any CPU
	EndGlobalSection
	GlobalSection(SolutionProperties) = preSolution
		HideSolutionNode = FALSE
	EndGlobalSection
	GlobalSection(ExtensibilityGlobals) = postSolution
		SolutionGuid = {833768E2-1E8D-4E2B-98D4-44E230C3C036}
	EndGlobalSection
EndGlobal
