
Microsoft Visual Studio Solution File, Format Version 12.00
# Visual Studio Version 17
VisualStudioVersion = 17.14.37411.7 d17.14
MinimumVisualStudioVersion = 10.0.40219.1
Project("{FAE04EC0-301F-11D3-BF4B-00C04F79EFBC}") = "StudentManagementMiniProject", "StudentManagementMiniProject.csproj", "{0C3A4216-E388-41E9-9AAD-77DB614C032B}"
EndProject
Global
	GlobalSection(SolutionConfigurationPlatforms) = preSolution
		Debug|Any CPU = Debug|Any CPU
		Release|Any CPU = Release|Any CPU
	EndGlobalSection
	GlobalSection(ProjectConfigurationPlatforms) = postSolution
		{0C3A4216-E388-41E9-9AAD-77DB614C032B}.Debug|Any CPU.ActiveCfg = Debug|Any CPU
		{0C3A4216-E388-41E9-9AAD-77DB614C032B}.Debug|Any CPU.Build.0 = Debug|Any CPU
		{0C3A4216-E388-41E9-9AAD-77DB614C032B}.Release|Any CPU.ActiveCfg = Release|Any CPU
		{0C3A4216-E388-41E9-9AAD-77DB614C032B}.Release|Any CPU.Build.0 = Release|Any CPU
	EndGlobalSection
	GlobalSection(SolutionProperties) = preSolution
		HideSolutionNode = FALSE
	EndGlobalSection
	GlobalSection(ExtensibilityGlobals) = postSolution
		SolutionGuid = {2964ADFC-5BC1-49CB-A8BB-DA39791CECA0}
	EndGlobalSection
EndGlobal
