
Microsoft Visual Studio Solution File, Format Version 12.00
# Visual Studio Version 17
VisualStudioVersion = 17.14.37411.7 d17.14
MinimumVisualStudioVersion = 10.0.40219.1
Project("{FAE04EC0-301F-11D3-BF4B-00C04F79EFBC}") = "LoopsDemo", "LoopsDemo.csproj", "{51960730-84BF-409C-A71B-6348F4F98B78}"
EndProject
Global
	GlobalSection(SolutionConfigurationPlatforms) = preSolution
		Debug|Any CPU = Debug|Any CPU
		Release|Any CPU = Release|Any CPU
	EndGlobalSection
	GlobalSection(ProjectConfigurationPlatforms) = postSolution
		{51960730-84BF-409C-A71B-6348F4F98B78}.Debug|Any CPU.ActiveCfg = Debug|Any CPU
		{51960730-84BF-409C-A71B-6348F4F98B78}.Debug|Any CPU.Build.0 = Debug|Any CPU
		{51960730-84BF-409C-A71B-6348F4F98B78}.Release|Any CPU.ActiveCfg = Release|Any CPU
		{51960730-84BF-409C-A71B-6348F4F98B78}.Release|Any CPU.Build.0 = Release|Any CPU
	EndGlobalSection
	GlobalSection(SolutionProperties) = preSolution
		HideSolutionNode = FALSE
	EndGlobalSection
	GlobalSection(ExtensibilityGlobals) = postSolution
		SolutionGuid = {091482E1-FCFA-4A44-9713-E43DC0C9C0CC}
	EndGlobalSection
EndGlobal
