
Microsoft Visual Studio Solution File, Format Version 12.00
# Visual Studio Version 17
VisualStudioVersion = 17.14.37411.7 d17.14
MinimumVisualStudioVersion = 10.0.40219.1
Project("{FAE04EC0-301F-11D3-BF4B-00C04F79EFBC}") = "InheritanceDemo", "InheritanceDemo.csproj", "{2237BD14-18D0-4F93-B083-7FDF6424C00B}"
EndProject
Global
	GlobalSection(SolutionConfigurationPlatforms) = preSolution
		Debug|Any CPU = Debug|Any CPU
		Release|Any CPU = Release|Any CPU
	EndGlobalSection
	GlobalSection(ProjectConfigurationPlatforms) = postSolution
		{2237BD14-18D0-4F93-B083-7FDF6424C00B}.Debug|Any CPU.ActiveCfg = Debug|Any CPU
		{2237BD14-18D0-4F93-B083-7FDF6424C00B}.Debug|Any CPU.Build.0 = Debug|Any CPU
		{2237BD14-18D0-4F93-B083-7FDF6424C00B}.Release|Any CPU.ActiveCfg = Release|Any CPU
		{2237BD14-18D0-4F93-B083-7FDF6424C00B}.Release|Any CPU.Build.0 = Release|Any CPU
	EndGlobalSection
	GlobalSection(SolutionProperties) = preSolution
		HideSolutionNode = FALSE
	EndGlobalSection
	GlobalSection(ExtensibilityGlobals) = postSolution
		SolutionGuid = {5293FF9F-D315-4AE2-AA3F-4CB368F52C5E}
	EndGlobalSection
EndGlobal
