
Microsoft Visual Studio Solution File, Format Version 12.00
# Visual Studio Version 17
VisualStudioVersion = 17.14.37411.7 d17.14
MinimumVisualStudioVersion = 10.0.40219.1
Project("{FAE04EC0-301F-11D3-BF4B-00C04F79EFBC}") = "ATMWithdrawalValidation", "ATMWithdrawalValidation.csproj", "{FCD9C1FB-4B80-4DB2-B696-27B67AE4B45A}"
EndProject
Global
	GlobalSection(SolutionConfigurationPlatforms) = preSolution
		Debug|Any CPU = Debug|Any CPU
		Release|Any CPU = Release|Any CPU
	EndGlobalSection
	GlobalSection(ProjectConfigurationPlatforms) = postSolution
		{FCD9C1FB-4B80-4DB2-B696-27B67AE4B45A}.Debug|Any CPU.ActiveCfg = Debug|Any CPU
		{FCD9C1FB-4B80-4DB2-B696-27B67AE4B45A}.Debug|Any CPU.Build.0 = Debug|Any CPU
		{FCD9C1FB-4B80-4DB2-B696-27B67AE4B45A}.Release|Any CPU.ActiveCfg = Release|Any CPU
		{FCD9C1FB-4B80-4DB2-B696-27B67AE4B45A}.Release|Any CPU.Build.0 = Release|Any CPU
	EndGlobalSection
	GlobalSection(SolutionProperties) = preSolution
		HideSolutionNode = FALSE
	EndGlobalSection
	GlobalSection(ExtensibilityGlobals) = postSolution
		SolutionGuid = {8EA9F50D-9E06-420E-99DE-E7E178B64855}
	EndGlobalSection
EndGlobal
