
Microsoft Visual Studio Solution File, Format Version 12.00
# Visual Studio Version 17
VisualStudioVersion = 17.14.37411.7 d17.14
MinimumVisualStudioVersion = 10.0.40219.1
Project("{FAE04EC0-301F-11D3-BF4B-00C04F79EFBC}") = "Program8_Inheritance", "Program8_Inheritance.csproj", "{23316DEF-7113-4DA5-8470-B4B403F55757}"
EndProject
Global
	GlobalSection(SolutionConfigurationPlatforms) = preSolution
		Debug|Any CPU = Debug|Any CPU
		Release|Any CPU = Release|Any CPU
	EndGlobalSection
	GlobalSection(ProjectConfigurationPlatforms) = postSolution
		{23316DEF-7113-4DA5-8470-B4B403F55757}.Debug|Any CPU.ActiveCfg = Debug|Any CPU
		{23316DEF-7113-4DA5-8470-B4B403F55757}.Debug|Any CPU.Build.0 = Debug|Any CPU
		{23316DEF-7113-4DA5-8470-B4B403F55757}.Release|Any CPU.ActiveCfg = Release|Any CPU
		{23316DEF-7113-4DA5-8470-B4B403F55757}.Release|Any CPU.Build.0 = Release|Any CPU
	EndGlobalSection
	GlobalSection(SolutionProperties) = preSolution
		HideSolutionNode = FALSE
	EndGlobalSection
	GlobalSection(ExtensibilityGlobals) = postSolution
		SolutionGuid = {B13DDF59-52B8-4D63-86A7-97347559B2E6}
	EndGlobalSection
EndGlobal
