
Microsoft Visual Studio Solution File, Format Version 12.00
# Visual Studio Version 17
VisualStudioVersion = 17.14.37411.7 d17.14
MinimumVisualStudioVersion = 10.0.40219.1
Project("{FAE04EC0-301F-11D3-BF4B-00C04F79EFBC}") = "SimpalCalcDemo", "SimpalCalcDemo.csproj", "{EF7BE3D2-9DF4-41D2-8390-95EDE058C66E}"
EndProject
Global
	GlobalSection(SolutionConfigurationPlatforms) = preSolution
		Debug|Any CPU = Debug|Any CPU
		Release|Any CPU = Release|Any CPU
	EndGlobalSection
	GlobalSection(ProjectConfigurationPlatforms) = postSolution
		{EF7BE3D2-9DF4-41D2-8390-95EDE058C66E}.Debug|Any CPU.ActiveCfg = Debug|Any CPU
		{EF7BE3D2-9DF4-41D2-8390-95EDE058C66E}.Debug|Any CPU.Build.0 = Debug|Any CPU
		{EF7BE3D2-9DF4-41D2-8390-95EDE058C66E}.Release|Any CPU.ActiveCfg = Release|Any CPU
		{EF7BE3D2-9DF4-41D2-8390-95EDE058C66E}.Release|Any CPU.Build.0 = Release|Any CPU
	EndGlobalSection
	GlobalSection(SolutionProperties) = preSolution
		HideSolutionNode = FALSE
	EndGlobalSection
	GlobalSection(ExtensibilityGlobals) = postSolution
		SolutionGuid = {8976B11D-6A3E-486C-875E-D4DD3E64B807}
	EndGlobalSection
EndGlobal
