
Microsoft Visual Studio Solution File, Format Version 12.00
# Visual Studio Version 17
VisualStudioVersion = 17.14.37411.7 d17.14
MinimumVisualStudioVersion = 10.0.40219.1
Project("{FAE04EC0-301F-11D3-BF4B-00C04F79EFBC}") = "SumOfNoFrom1To100", "SumOfNoFrom1To100.csproj", "{7A4BA289-07DB-42CF-AA32-24C42076E637}"
EndProject
Global
	GlobalSection(SolutionConfigurationPlatforms) = preSolution
		Debug|Any CPU = Debug|Any CPU
		Release|Any CPU = Release|Any CPU
	EndGlobalSection
	GlobalSection(ProjectConfigurationPlatforms) = postSolution
		{7A4BA289-07DB-42CF-AA32-24C42076E637}.Debug|Any CPU.ActiveCfg = Debug|Any CPU
		{7A4BA289-07DB-42CF-AA32-24C42076E637}.Debug|Any CPU.Build.0 = Debug|Any CPU
		{7A4BA289-07DB-42CF-AA32-24C42076E637}.Release|Any CPU.ActiveCfg = Release|Any CPU
		{7A4BA289-07DB-42CF-AA32-24C42076E637}.Release|Any CPU.Build.0 = Release|Any CPU
	EndGlobalSection
	GlobalSection(SolutionProperties) = preSolution
		HideSolutionNode = FALSE
	EndGlobalSection
	GlobalSection(ExtensibilityGlobals) = postSolution
		SolutionGuid = {7D9971BF-9993-4600-8C7E-791949EEB7B1}
	EndGlobalSection
EndGlobal
