
Microsoft Visual Studio Solution File, Format Version 12.00
# Visual Studio Version 17
VisualStudioVersion = 17.14.37411.7 d17.14
MinimumVisualStudioVersion = 10.0.40219.1
Project("{FAE04EC0-301F-11D3-BF4B-00C04F79EFBC}") = "Program7_Constructor", "Program7_Constructor.csproj", "{02FE33EB-AA70-4942-9EB3-CE852AB2036A}"
EndProject
Global
	GlobalSection(SolutionConfigurationPlatforms) = preSolution
		Debug|Any CPU = Debug|Any CPU
		Release|Any CPU = Release|Any CPU
	EndGlobalSection
	GlobalSection(ProjectConfigurationPlatforms) = postSolution
		{02FE33EB-AA70-4942-9EB3-CE852AB2036A}.Debug|Any CPU.ActiveCfg = Debug|Any CPU
		{02FE33EB-AA70-4942-9EB3-CE852AB2036A}.Debug|Any CPU.Build.0 = Debug|Any CPU
		{02FE33EB-AA70-4942-9EB3-CE852AB2036A}.Release|Any CPU.ActiveCfg = Release|Any CPU
		{02FE33EB-AA70-4942-9EB3-CE852AB2036A}.Release|Any CPU.Build.0 = Release|Any CPU
	EndGlobalSection
	GlobalSection(SolutionProperties) = preSolution
		HideSolutionNode = FALSE
	EndGlobalSection
	GlobalSection(ExtensibilityGlobals) = postSolution
		SolutionGuid = {5D230841-DA4B-4C1B-AB63-0088D23EC7BA}
	EndGlobalSection
EndGlobal
