
Microsoft Visual Studio Solution File, Format Version 12.00
# Visual Studio Version 17
VisualStudioVersion = 17.14.37411.7 d17.14
MinimumVisualStudioVersion = 10.0.40219.1
Project("{FAE04EC0-301F-11D3-BF4B-00C04F79EFBC}") = "StudentObject", "StudentObject.csproj", "{5921B3A9-4656-44F6-9F50-70E9D188E642}"
EndProject
Global
	GlobalSection(SolutionConfigurationPlatforms) = preSolution
		Debug|Any CPU = Debug|Any CPU
		Release|Any CPU = Release|Any CPU
	EndGlobalSection
	GlobalSection(ProjectConfigurationPlatforms) = postSolution
		{5921B3A9-4656-44F6-9F50-70E9D188E642}.Debug|Any CPU.ActiveCfg = Debug|Any CPU
		{5921B3A9-4656-44F6-9F50-70E9D188E642}.Debug|Any CPU.Build.0 = Debug|Any CPU
		{5921B3A9-4656-44F6-9F50-70E9D188E642}.Release|Any CPU.ActiveCfg = Release|Any CPU
		{5921B3A9-4656-44F6-9F50-70E9D188E642}.Release|Any CPU.Build.0 = Release|Any CPU
	EndGlobalSection
	GlobalSection(SolutionProperties) = preSolution
		HideSolutionNode = FALSE
	EndGlobalSection
	GlobalSection(ExtensibilityGlobals) = postSolution
		SolutionGuid = {56867014-B61E-4C1C-A98C-A10B6F160D82}
	EndGlobalSection
EndGlobal
