
Microsoft Visual Studio Solution File, Format Version 12.00
# Visual Studio Version 17
VisualStudioVersion = 17.14.37411.7 d17.14
MinimumVisualStudioVersion = 10.0.40219.1
Project("{FAE04EC0-301F-11D3-BF4B-00C04F79EFBC}") = "LinqPractical", "LinqPractical.csproj", "{D149C547-E25E-4AD4-9A78-A4DB088316F1}"
EndProject
Global
	GlobalSection(SolutionConfigurationPlatforms) = preSolution
		Debug|Any CPU = Debug|Any CPU
		Release|Any CPU = Release|Any CPU
	EndGlobalSection
	GlobalSection(ProjectConfigurationPlatforms) = postSolution
		{D149C547-E25E-4AD4-9A78-A4DB088316F1}.Debug|Any CPU.ActiveCfg = Debug|Any CPU
		{D149C547-E25E-4AD4-9A78-A4DB088316F1}.Debug|Any CPU.Build.0 = Debug|Any CPU
		{D149C547-E25E-4AD4-9A78-A4DB088316F1}.Release|Any CPU.ActiveCfg = Release|Any CPU
		{D149C547-E25E-4AD4-9A78-A4DB088316F1}.Release|Any CPU.Build.0 = Release|Any CPU
	EndGlobalSection
	GlobalSection(SolutionProperties) = preSolution
		HideSolutionNode = FALSE
	EndGlobalSection
	GlobalSection(ExtensibilityGlobals) = postSolution
		SolutionGuid = {AF0ED77C-9BF5-457A-B9A2-F4183CF8F4CD}
	EndGlobalSection
EndGlobal
